
Microsoft Visual Studio Solution File, Format Version 12.00
# Visual Studio Version 16
VisualStudioVersion = 16.0.31129.286
MinimumVisualStudioVersion = 10.0.40219.1
Project("{9A19103F-16F7-4668-BE54-9A1E7A4F7556}") = "TworzenieQuizu", "WpfApp1\TworzenieQuizu.csproj", "{5050F864-EE41-46FA-9552-BCB16534FE49}"
EndProject
Global
	GlobalSection(SolutionConfigurationPlatforms) = preSolution
		Debug|Any CPU = Debug|Any CPU
		Release|Any CPU = Release|Any CPU
	EndGlobalSection
	GlobalSection(ProjectConfigurationPlatforms) = postSolution
		{5050F864-EE41-46FA-9552-BCB16534FE49}.Debug|Any CPU.ActiveCfg = Debug|Any CPU
		{5050F864-EE41-46FA-9552-BCB16534FE49}.Debug|Any CPU.Build.0 = Debug|Any CPU
		{5050F864-EE41-46FA-9552-BCB16534FE49}.Release|Any CPU.ActiveCfg = Release|Any CPU
		{5050F864-EE41-46FA-9552-BCB16534FE49}.Release|Any CPU.Build.0 = Release|Any CPU
	EndGlobalSection
	GlobalSection(SolutionProperties) = preSolution
		HideSolutionNode = FALSE
	EndGlobalSection
	GlobalSection(ExtensibilityGlobals) = postSolution
		SolutionGuid = {D876F427-794E-4498-A471-FEDABFA3417D}
	EndGlobalSection
EndGlobal
